// !$*UTF8*$!
{
	archiveVersion = 1;
	classes = {
	};
	objectVersion = 56;
	objects = {

/* Begin PBXBuildFile section */
		8215B6F7299BFC7B00B76130 /* PopOverTableViewController.swift in Sources */ = {isa = PBXBuildFile; fileRef = 8215B6F6299BFC7B00B76130 /* PopOverTableViewController.swift */; };
		8215B6FB299D020600B76130 /* MainViewController.swift in Sources */ = {isa = PBXBuildFile; fileRef = 8215B6FA299D020600B76130 /* MainViewController.swift */; };
		8215B6FC299D020600B76130 /* MainViewController.swift in Sources */ = {isa = PBXBuildFile; fileRef = 8215B6FA299D020600B76130 /* MainViewController.swift */; };
		8215B6FD299D020600B76130 /* MainViewController.swift in Sources */ = {isa = PBXBuildFile; fileRef = 8215B6FA299D020600B76130 /* MainViewController.swift */; };
		821F888F29923FDC007E0E15 /* AppDelegate.swift in Sources */ = {isa = PBXBuildFile; fileRef = 821F888E29923FDC007E0E15 /* AppDelegate.swift */; };
		821F889329923FDC007E0E15 /* AddNewBeneficiaryViewController.swift in Sources */ = {isa = PBXBuildFile; fileRef = 821F889229923FDC007E0E15 /* AddNewBeneficiaryViewController.swift */; };
		821F889B29923FDD007E0E15 /* Assets.xcassets in Resources */ = {isa = PBXBuildFile; fileRef = 821F889A29923FDD007E0E15 /* Assets.xcassets */; };
		821F889E29923FDD007E0E15 /* LaunchScreen.storyboard in Resources */ = {isa = PBXBuildFile; fileRef = 821F889C29923FDD007E0E15 /* LaunchScreen.storyboard */; };
		821F88A929923FDE007E0E15 /* AddNewBeneficiaryTests.swift in Sources */ = {isa = PBXBuildFile; fileRef = 821F88A829923FDE007E0E15 /* AddNewBeneficiaryTests.swift */; };
		821F88B329923FDE007E0E15 /* AddNewBeneficiaryUITests.swift in Sources */ = {isa = PBXBuildFile; fileRef = 821F88B229923FDE007E0E15 /* AddNewBeneficiaryUITests.swift */; };
		821F88B529923FDE007E0E15 /* AddNewBeneficiaryUITestsLaunchTests.swift in Sources */ = {isa = PBXBuildFile; fileRef = 821F88B429923FDE007E0E15 /* AddNewBeneficiaryUITestsLaunchTests.swift */; };
		821F88C72992694E007E0E15 /* ContinueButtonView.swift in Sources */ = {isa = PBXBuildFile; fileRef = 821F88C62992694E007E0E15 /* ContinueButtonView.swift */; };
		821F88C82992694E007E0E15 /* ContinueButtonView.swift in Sources */ = {isa = PBXBuildFile; fileRef = 821F88C62992694E007E0E15 /* ContinueButtonView.swift */; };
		821F88C92992694E007E0E15 /* ContinueButtonView.swift in Sources */ = {isa = PBXBuildFile; fileRef = 821F88C62992694E007E0E15 /* ContinueButtonView.swift */; };
		8256B87D29A5F87D00C938A6 /* Globalconstant.swift in Sources */ = {isa = PBXBuildFile; fileRef = 8256B87C29A5F87D00C938A6 /* Globalconstant.swift */; };
		8256B88929A63D4200C938A6 /* UIViewController + Utils.swift in Sources */ = {isa = PBXBuildFile; fileRef = 8256B88829A63D4200C938A6 /* UIViewController + Utils.swift */; };
		82611F3E2996524A00344828 /* ViewController.swift in Sources */ = {isa = PBXBuildFile; fileRef = 82611F3D2996524A00344828 /* ViewController.swift */; };
		82611F422996694000344828 /* DataModel.swift in Sources */ = {isa = PBXBuildFile; fileRef = 82611F412996694000344828 /* DataModel.swift */; };
		829797FC2992B7A90088C09C /* AddNewBeneficiaryView.swift in Sources */ = {isa = PBXBuildFile; fileRef = 829797FB2992B7A90088C09C /* AddNewBeneficiaryView.swift */; };
		82C29555299F7A9F00518F6D /* Api.swift in Sources */ = {isa = PBXBuildFile; fileRef = 82C29554299F7A9F00518F6D /* Api.swift */; };
		82C2955929A259FD00518F6D /* DataModelJson.json in Resources */ = {isa = PBXBuildFile; fileRef = 82C2955829A259FD00518F6D /* DataModelJson.json */; };
/* End PBXBuildFile section */

/* Begin PBXContainerItemProxy section */
		821F88A529923FDE007E0E15 /* PBXContainerItemProxy */ = {
			isa = PBXContainerItemProxy;
			containerPortal = 821F888329923FDB007E0E15 /* Project object */;
			proxyType = 1;
			remoteGlobalIDString = 821F888A29923FDB007E0E15;
			remoteInfo = AddNewBeneficiary;
		};
		821F88AF29923FDE007E0E15 /* PBXContainerItemProxy */ = {
			isa = PBXContainerItemProxy;
			containerPortal = 821F888329923FDB007E0E15 /* Project object */;
			proxyType = 1;
			remoteGlobalIDString = 821F888A29923FDB007E0E15;
			remoteInfo = AddNewBeneficiary;
		};
/* End PBXContainerItemProxy section */

/* Begin PBXFileReference section */
		8215B6F6299BFC7B00B76130 /* PopOverTableViewController.swift */ = {isa = PBXFileReference; lastKnownFileType = sourcecode.swift; path = PopOverTableViewController.swift; sourceTree = "<group>"; };
		8215B6FA299D020600B76130 /* MainViewController.swift */ = {isa = PBXFileReference; lastKnownFileType = sourcecode.swift; path = MainViewController.swift; sourceTree = "<group>"; };
		821F888B29923FDC007E0E15 /* AddNewBeneficiary.app */ = {isa = PBXFileReference; explicitFileType = wrapper.application; includeInIndex = 0; path = AddNewBeneficiary.app; sourceTree = BUILT_PRODUCTS_DIR; };
		821F888E29923FDC007E0E15 /* AppDelegate.swift */ = {isa = PBXFileReference; lastKnownFileType = sourcecode.swift; path = AppDelegate.swift; sourceTree = "<group>"; };
		821F889229923FDC007E0E15 /* AddNewBeneficiaryViewController.swift */ = {isa = PBXFileReference; lastKnownFileType = sourcecode.swift; path = AddNewBeneficiaryViewController.swift; sourceTree = "<group>"; };
		821F889A29923FDD007E0E15 /* Assets.xcassets */ = {isa = PBXFileReference; lastKnownFileType = folder.assetcatalog; path = Assets.xcassets; sourceTree = "<group>"; };
		821F889D29923FDD007E0E15 /* Base */ = {isa = PBXFileReference; lastKnownFileType = file.storyboard; name = Base; path = Base.lproj/LaunchScreen.storyboard; sourceTree = "<group>"; };
		821F889F29923FDD007E0E15 /* Info.plist */ = {isa = PBXFileReference; lastKnownFileType = text.plist.xml; path = Info.plist; sourceTree = "<group>"; };
		821F88A429923FDE007E0E15 /* AddNewBeneficiaryTests.xctest */ = {isa = PBXFileReference; explicitFileType = wrapper.cfbundle; includeInIndex = 0; path = AddNewBeneficiaryTests.xctest; sourceTree = BUILT_PRODUCTS_DIR; };
		821F88A829923FDE007E0E15 /* AddNewBeneficiaryTests.swift */ = {isa = PBXFileReference; lastKnownFileType = sourcecode.swift; path = AddNewBeneficiaryTests.swift; sourceTree = "<group>"; };
		821F88AE29923FDE007E0E15 /* AddNewBeneficiaryUITests.xctest */ = {isa = PBXFileReference; explicitFileType = wrapper.cfbundle; includeInIndex = 0; path = AddNewBeneficiaryUITests.xctest; sourceTree = BUILT_PRODUCTS_DIR; };
		821F88B229923FDE007E0E15 /* AddNewBeneficiaryUITests.swift */ = {isa = PBXFileReference; lastKnownFileType = sourcecode.swift; path = AddNewBeneficiaryUITests.swift; sourceTree = "<group>"; };
		821F88B429923FDE007E0E15 /* AddNewBeneficiaryUITestsLaunchTests.swift */ = {isa = PBXFileReference; lastKnownFileType = sourcecode.swift; path = AddNewBeneficiaryUITestsLaunchTests.swift; sourceTree = "<group>"; };
		821F88C62992694E007E0E15 /* ContinueButtonView.swift */ = {isa = PBXFileReference; lastKnownFileType = sourcecode.swift; path = ContinueButtonView.swift; sourceTree = "<group>"; };
		8256B87C29A5F87D00C938A6 /* Globalconstant.swift */ = {isa = PBXFileReference; lastKnownFileType = sourcecode.swift; path = Globalconstant.swift; sourceTree = "<group>"; };
		8256B88829A63D4200C938A6 /* UIViewController + Utils.swift */ = {isa = PBXFileReference; lastKnownFileType = sourcecode.swift; path = "UIViewController + Utils.swift"; sourceTree = "<group>"; };
		82611F3D2996524A00344828 /* ViewController.swift */ = {isa = PBXFileReference; lastKnownFileType = sourcecode.swift; path = ViewController.swift; sourceTree = "<group>"; };
		82611F412996694000344828 /* DataModel.swift */ = {isa = PBXFileReference; lastKnownFileType = sourcecode.swift; path = DataModel.swift; sourceTree = "<group>"; };
		829797FB2992B7A90088C09C /* AddNewBeneficiaryView.swift */ = {isa = PBXFileReference; lastKnownFileType = sourcecode.swift; path = AddNewBeneficiaryView.swift; sourceTree = "<group>"; };
		82C29554299F7A9F00518F6D /* Api.swift */ = {isa = PBXFileReference; lastKnownFileType = sourcecode.swift; path = Api.swift; sourceTree = "<group>"; };
		82C2955829A259FD00518F6D /* DataModelJson.json */ = {isa = PBXFileReference; lastKnownFileType = text.json; path = DataModelJson.json; sourceTree = "<group>"; };
/* End PBXFileReference section */

/* Begin PBXFrameworksBuildPhase section */
		821F888829923FDB007E0E15 /* Frameworks */ = {
			isa = PBXFrameworksBuildPhase;
			buildActionMask = 2147483647;
			files = (
			);
			runOnlyForDeploymentPostprocessing = 0;
		};
		821F88A129923FDE007E0E15 /* Frameworks */ = {
			isa = PBXFrameworksBuildPhase;
			buildActionMask = 2147483647;
			files = (
			);
			runOnlyForDeploymentPostprocessing = 0;
		};
		821F88AB29923FDE007E0E15 /* Frameworks */ = {
			isa = PBXFrameworksBuildPhase;
			buildActionMask = 2147483647;
			files = (
			);
			runOnlyForDeploymentPostprocessing = 0;
		};
/* End PBXFrameworksBuildPhase section */

/* Begin PBXGroup section */
		821F888229923FDB007E0E15 = {
			isa = PBXGroup;
			children = (
				821F888D29923FDC007E0E15 /* AddNewBeneficiary */,
				821F88A729923FDE007E0E15 /* AddNewBeneficiaryTests */,
				821F88B129923FDE007E0E15 /* AddNewBeneficiaryUITests */,
				821F888C29923FDC007E0E15 /* Products */,
			);
			sourceTree = "<group>";
		};
		821F888C29923FDC007E0E15 /* Products */ = {
			isa = PBXGroup;
			children = (
				821F888B29923FDC007E0E15 /* AddNewBeneficiary.app */,
				821F88A429923FDE007E0E15 /* AddNewBeneficiaryTests.xctest */,
				821F88AE29923FDE007E0E15 /* AddNewBeneficiaryUITests.xctest */,
			);
			name = Products;
			sourceTree = "<group>";
		};
		821F888D29923FDC007E0E15 /* AddNewBeneficiary */ = {
			isa = PBXGroup;
			children = (
				829797FA2992B6C30088C09C /* Files */,
				82611F402996691E00344828 /* Model */,
				821F88C129926869007E0E15 /* Views */,
				82611F3F299663E400344828 /* Controllers */,
				8256B88729A63C7A00C938A6 /* Utils */,
				8256B87E29A630CF00C938A6 /* ConstantFile */,
				821F888E29923FDC007E0E15 /* AppDelegate.swift */,
			);
			path = AddNewBeneficiary;
			sourceTree = "<group>";
		};
		821F88A729923FDE007E0E15 /* AddNewBeneficiaryTests */ = {
			isa = PBXGroup;
			children = (
				821F88A829923FDE007E0E15 /* AddNewBeneficiaryTests.swift */,
			);
			path = AddNewBeneficiaryTests;
			sourceTree = "<group>";
		};
		821F88B129923FDE007E0E15 /* AddNewBeneficiaryUITests */ = {
			isa = PBXGroup;
			children = (
				821F88B229923FDE007E0E15 /* AddNewBeneficiaryUITests.swift */,
				821F88B429923FDE007E0E15 /* AddNewBeneficiaryUITestsLaunchTests.swift */,
			);
			path = AddNewBeneficiaryUITests;
			sourceTree = "<group>";
		};
		821F88C129926869007E0E15 /* Views */ = {
			isa = PBXGroup;
			children = (
				829797FB2992B7A90088C09C /* AddNewBeneficiaryView.swift */,
				821F88C62992694E007E0E15 /* ContinueButtonView.swift */,
			);
			path = Views;
			sourceTree = "<group>";
		};
		8256B87E29A630CF00C938A6 /* ConstantFile */ = {
			isa = PBXGroup;
			children = (
				8256B87C29A5F87D00C938A6 /* Globalconstant.swift */,
			);
			path = ConstantFile;
			sourceTree = "<group>";
		};
		8256B88729A63C7A00C938A6 /* Utils */ = {
			isa = PBXGroup;
			children = (
				8256B88829A63D4200C938A6 /* UIViewController + Utils.swift */,
			);
			path = Utils;
			sourceTree = "<group>";
		};
		82611F3F299663E400344828 /* Controllers */ = {
			isa = PBXGroup;
			children = (
				8215B6FA299D020600B76130 /* MainViewController.swift */,
				821F889229923FDC007E0E15 /* AddNewBeneficiaryViewController.swift */,
				8215B6F6299BFC7B00B76130 /* PopOverTableViewController.swift */,
				82611F3D2996524A00344828 /* ViewController.swift */,
			);
			path = Controllers;
			sourceTree = "<group>";
		};
		82611F402996691E00344828 /* Model */ = {
			isa = PBXGroup;
			children = (
				82611F412996694000344828 /* DataModel.swift */,
				82C29554299F7A9F00518F6D /* Api.swift */,
				82C2955829A259FD00518F6D /* DataModelJson.json */,
			);
			path = Model;
			sourceTree = "<group>";
		};
		829797FA2992B6C30088C09C /* Files */ = {
			isa = PBXGroup;
			children = (
				821F889A29923FDD007E0E15 /* Assets.xcassets */,
				821F889C29923FDD007E0E15 /* LaunchScreen.storyboard */,
				821F889F29923FDD007E0E15 /* Info.plist */,
			);
			name = Files;
			sourceTree = "<group>";
		};
/* End PBXGroup section */

/* Begin PBXNativeTarget section */
		821F888A29923FDB007E0E15 /* AddNewBeneficiary */ = {
			isa = PBXNativeTarget;
			buildConfigurationList = 821F88B829923FDE007E0E15 /* Build configuration list for PBXNativeTarget "AddNewBeneficiary" */;
			buildPhases = (
				821F888729923FDB007E0E15 /* Sources */,
				821F888829923FDB007E0E15 /* Frameworks */,
				821F888929923FDB007E0E15 /* Resources */,
			);
			buildRules = (
			);
			dependencies = (
			);
			name = AddNewBeneficiary;
			productName = AddNewBeneficiary;
			productReference = 821F888B29923FDC007E0E15 /* AddNewBeneficiary.app */;
			productType = "com.apple.product-type.application";
		};
		821F88A329923FDE007E0E15 /* AddNewBeneficiaryTests */ = {
			isa = PBXNativeTarget;
			buildConfigurationList = 821F88BB29923FDE007E0E15 /* Build configuration list for PBXNativeTarget "AddNewBeneficiaryTests" */;
			buildPhases = (
				821F88A029923FDE007E0E15 /* Sources */,
				821F88A129923FDE007E0E15 /* Frameworks */,
				821F88A229923FDE007E0E15 /* Resources */,
			);
			buildRules = (
			);
			dependencies = (
				821F88A629923FDE007E0E15 /* PBXTargetDependency */,
			);
			name = AddNewBeneficiaryTests;
			productName = AddNewBeneficiaryTests;
			productReference = 821F88A429923FDE007E0E15 /* AddNewBeneficiaryTests.xctest */;
			productType = "com.apple.product-type.bundle.unit-test";
		};
		821F88AD29923FDE007E0E15 /* AddNewBeneficiaryUITests */ = {
			isa = PBXNativeTarget;
			buildConfigurationList = 821F88BE29923FDE007E0E15 /* Build configuration list for PBXNativeTarget "AddNewBeneficiaryUITests" */;
			buildPhases = (
				821F88AA29923FDE007E0E15 /* Sources */,
				821F88AB29923FDE007E0E15 /* Frameworks */,
				821F88AC29923FDE007E0E15 /* Resources */,
			);
			buildRules = (
			);
			dependencies = (
				821F88B029923FDE007E0E15 /* PBXTargetDependency */,
			);
			name = AddNewBeneficiaryUITests;
			productName = AddNewBeneficiaryUITests;
			productReference = 821F88AE29923FDE007E0E15 /* AddNewBeneficiaryUITests.xctest */;
			productType = "com.apple.product-type.bundle.ui-testing";
		};
/* End PBXNativeTarget section */

/* Begin PBXProject section */
		821F888329923FDB007E0E15 /* Project object */ = {
			isa = PBXProject;
			attributes = {
				BuildIndependentTargetsInParallel = 1;
				LastSwiftUpdateCheck = 1420;
				LastUpgradeCheck = 1420;
				TargetAttributes = {
					821F888A29923FDB007E0E15 = {
						CreatedOnToolsVersion = 14.2;
					};
					821F88A329923FDE007E0E15 = {
						CreatedOnToolsVersion = 14.2;
						TestTargetID = 821F888A29923FDB007E0E15;
					};
					821F88AD29923FDE007E0E15 = {
						CreatedOnToolsVersion = 14.2;
						TestTargetID = 821F888A29923FDB007E0E15;
					};
				};
			};
			buildConfigurationList = 821F888629923FDB007E0E15 /* Build configuration list for PBXProject "AddNewBeneficiary" */;
			compatibilityVersion = "Xcode 14.0";
			developmentRegion = en;
			hasScannedForEncodings = 0;
			knownRegions = (
				en,
				Base,
			);
			mainGroup = 821F888229923FDB007E0E15;
			productRefGroup = 821F888C29923FDC007E0E15 /* Products */;
			projectDirPath = "";
			projectRoot = "";
			targets = (
				821F888A29923FDB007E0E15 /* AddNewBeneficiary */,
				821F88A329923FDE007E0E15 /* AddNewBeneficiaryTests */,
				821F88AD29923FDE007E0E15 /* AddNewBeneficiaryUITests */,
			);
		};
/* End PBXProject section */

/* Begin PBXResourcesBuildPhase section */
		821F888929923FDB007E0E15 /* Resources */ = {
			isa = PBXResourcesBuildPhase;
			buildActionMask = 2147483647;
			files = (
				821F889E29923FDD007E0E15 /* LaunchScreen.storyboard in Resources */,
				821F889B29923FDD007E0E15 /* Assets.xcassets in Resources */,
				82C2955929A259FD00518F6D /* DataModelJson.json in Resources */,
			);
			runOnlyForDeploymentPostprocessing = 0;
		};
		821F88A229923FDE007E0E15 /* Resources */ = {
			isa = PBXResourcesBuildPhase;
			buildActionMask = 2147483647;
			files = (
			);
			runOnlyForDeploymentPostprocessing = 0;
		};
		821F88AC29923FDE007E0E15 /* Resources */ = {
			isa = PBXResourcesBuildPhase;
			buildActionMask = 2147483647;
			files = (
			);
			runOnlyForDeploymentPostprocessing = 0;
		};
/* End PBXResourcesBuildPhase section */

/* Begin PBXSourcesBuildPhase section */
		821F888729923FDB007E0E15 /* Sources */ = {
			isa = PBXSourcesBuildPhase;
			buildActionMask = 2147483647;
			files = (
				8256B87D29A5F87D00C938A6 /* Globalconstant.swift in Sources */,
				821F889329923FDC007E0E15 /* AddNewBeneficiaryViewController.swift in Sources */,
				821F888F29923FDC007E0E15 /* AppDelegate.swift in Sources */,
				821F88C72992694E007E0E15 /* ContinueButtonView.swift in Sources */,
				8256B88929A63D4200C938A6 /* UIViewController + Utils.swift in Sources */,
				82C29555299F7A9F00518F6D /* Api.swift in Sources */,
				82611F3E2996524A00344828 /* ViewController.swift in Sources */,
				82611F422996694000344828 /* DataModel.swift in Sources */,
				8215B6F7299BFC7B00B76130 /* PopOverTableViewController.swift in Sources */,
				829797FC2992B7A90088C09C /* AddNewBeneficiaryView.swift in Sources */,
				8215B6FB299D020600B76130 /* MainViewController.swift in Sources */,
			);
			runOnlyForDeploymentPostprocessing = 0;
		};
		821F88A029923FDE007E0E15 /* Sources */ = {
			isa = PBXSourcesBuildPhase;
			buildActionMask = 2147483647;
			files = (
				821F88A929923FDE007E0E15 /* AddNewBeneficiaryTests.swift in Sources */,
				821F88C82992694E007E0E15 /* ContinueButtonView.swift in Sources */,
				8215B6FC299D020600B76130 /* MainViewController.swift in Sources */,
			);
			runOnlyForDeploymentPostprocessing = 0;
		};
		821F88AA29923FDE007E0E15 /* Sources */ = {
			isa = PBXSourcesBuildPhase;
			buildActionMask = 2147483647;
			files = (
				821F88C92992694E007E0E15 /* ContinueButtonView.swift in Sources */,
				821F88B329923FDE007E0E15 /* AddNewBeneficiaryUITests.swift in Sources */,
				821F88B529923FDE007E0E15 /* AddNewBeneficiaryUITestsLaunchTests.swift in Sources */,
				8215B6FD299D020600B76130 /* MainViewController.swift in Sources */,
			);
			runOnlyForDeploymentPostprocessing = 0;
		};
/* End PBXSourcesBuildPhase section */

/* Begin PBXTargetDependency section */
		821F88A629923FDE007E0E15 /* PBXTargetDependency */ = {
			isa = PBXTargetDependency;
			target = 821F888A29923FDB007E0E15 /* AddNewBeneficiary */;
			targetProxy = 821F88A529923FDE007E0E15 /* PBXContainerItemProxy */;
		};
		821F88B029923FDE007E0E15 /* PBXTargetDependency */ = {
			isa = PBXTargetDependency;
			target = 821F888A29923FDB007E0E15 /* AddNewBeneficiary */;
			targetProxy = 821F88AF29923FDE007E0E15 /* PBXContainerItemProxy */;
		};
/* End PBXTargetDependency section */

/* Begin PBXVariantGroup section */
		821F889C29923FDD007E0E15 /* LaunchScreen.storyboard */ = {
			isa = PBXVariantGroup;
			children = (
				821F889D29923FDD007E0E15 /* Base */,
			);
			name = LaunchScreen.storyboard;
			sourceTree = "<group>";
		};
/* End PBXVariantGroup section */

/* Begin XCBuildConfiguration section */
		821F88B629923FDE007E0E15 /* Debug */ = {
			isa = XCBuildConfiguration;
			buildSettings = {
				ALWAYS_SEARCH_USER_PATHS = NO;
				CLANG_ANALYZER_NONNULL = YES;
				CLANG_ANALYZER_NUMBER_OBJECT_CONVERSION = YES_AGGRESSIVE;
				CLANG_CXX_LANGUAGE_STANDARD = "gnu++20";
				CLANG_ENABLE_MODULES = YES;
				CLANG_ENABLE_OBJC_ARC = YES;
				CLANG_ENABLE_OBJC_WEAK = YES;
				CLANG_WARN_BLOCK_CAPTURE_AUTORELEASING = YES;
				CLANG_WARN_BOOL_CONVERSION = YES;
				CLANG_WARN_COMMA = YES;
				CLANG_WARN_CONSTANT_CONVERSION = YES;
				CLANG_WARN_DEPRECATED_OBJC_IMPLEMENTATIONS = YES;
				CLANG_WARN_DIRECT_OBJC_ISA_USAGE = YES_ERROR;
				CLANG_WARN_DOCUMENTATION_COMMENTS = YES;
				CLANG_WARN_EMPTY_BODY = YES;
				CLANG_WARN_ENUM_CONVERSION = YES;
				CLANG_WARN_INFINITE_RECURSION = YES;
				CLANG_WARN_INT_CONVERSION = YES;
				CLANG_WARN_NON_LITERAL_NULL_CONVERSION = YES;
				CLANG_WARN_OBJC_IMPLICIT_RETAIN_SELF = YES;
				CLANG_WARN_OBJC_LITERAL_CONVERSION = YES;
				CLANG_WARN_OBJC_ROOT_CLASS = YES_ERROR;
				CLANG_WARN_QUOTED_INCLUDE_IN_FRAMEWORK_HEADER = YES;
				CLANG_WARN_RANGE_LOOP_ANALYSIS = YES;
				CLANG_WARN_STRICT_PROTOTYPES = YES;
				CLANG_WARN_SUSPICIOUS_MOVE = YES;
				CLANG_WARN_UNGUARDED_AVAILABILITY = YES_AGGRESSIVE;
				CLANG_WARN_UNREACHABLE_CODE = YES;
				CLANG_WARN__DUPLICATE_METHOD_MATCH = YES;
				COPY_PHASE_STRIP = NO;
				DEBUG_INFORMATION_FORMAT = dwarf;
				ENABLE_STRICT_OBJC_MSGSEND = YES;
				ENABLE_TESTABILITY = YES;
				GCC_C_LANGUAGE_STANDARD = gnu11;
				GCC_DYNAMIC_NO_PIC = NO;
				GCC_NO_COMMON_BLOCKS = YES;
				GCC_OPTIMIZATION_LEVEL = 0;
				GCC_PREPROCESSOR_DEFINITIONS = (
					"DEBUG=1",
					"$(inherited)",
				);
				GCC_WARN_64_TO_32_BIT_CONVERSION = YES;
				GCC_WARN_ABOUT_RETURN_TYPE = YES_ERROR;
				GCC_WARN_UNDECLARED_SELECTOR = YES;
				GCC_WARN_UNINITIALIZED_AUTOS = YES_AGGRESSIVE;
				GCC_WARN_UNUSED_FUNCTION = YES;
				GCC_WARN_UNUSED_VARIABLE = YES;
				IPHONEOS_DEPLOYMENT_TARGET = 16.2;
				MTL_ENABLE_DEBUG_INFO = INCLUDE_SOURCE;
				MTL_FAST_MATH = YES;
				ONLY_ACTIVE_ARCH = YES;
				SDKROOT = iphoneos;
				SWIFT_ACTIVE_COMPILATION_CONDITIONS = DEBUG;
				SWIFT_OPTIMIZATION_LEVEL = "-Onone";
			};
			name = Debug;
		};
		821F88B729923FDE007E0E15 /* Release */ = {
			isa = XCBuildConfiguration;
			buildSettings = {
				ALWAYS_SEARCH_USER_PATHS = NO;
				CLANG_ANALYZER_NONNULL = YES;
				CLANG_ANALYZER_NUMBER_OBJECT_CONVERSION = YES_AGGRESSIVE;
				CLANG_CXX_LANGUAGE_STANDARD = "gnu++20";
				CLANG_ENABLE_MODULES = YES;
				CLANG_ENABLE_OBJC_ARC = YES;
				CLANG_ENABLE_OBJC_WEAK = YES;
				CLANG_WARN_BLOCK_CAPTURE_AUTORELEASING = YES;
				CLANG_WARN_BOOL_CONVERSION = YES;
				CLANG_WARN_COMMA = YES;
				CLANG_WARN_CONSTANT_CONVERSION = YES;
				CLANG_WARN_DEPRECATED_OBJC_IMPLEMENTATIONS = YES;
				CLANG_WARN_DIRECT_OBJC_ISA_USAGE = YES_ERROR;
				CLANG_WARN_DOCUMENTATION_COMMENTS = YES;
				CLANG_WARN_EMPTY_BODY = YES;
				CLANG_WARN_ENUM_CONVERSION = YES;
				CLANG_WARN_INFINITE_RECURSION = YES;
				CLANG_WARN_INT_CONVERSION = YES;
				CLANG_WARN_NON_LITERAL_NULL_CONVERSION = YES;
				CLANG_WARN_OBJC_IMPLICIT_RETAIN_SELF = YES;
				CLANG_WARN_OBJC_LITERAL_CONVERSION = YES;
				CLANG_WARN_OBJC_ROOT_CLASS = YES_ERROR;
				CLANG_WARN_QUOTED_INCLUDE_IN_FRAMEWORK_HEADER = YES;
				CLANG_WARN_RANGE_LOOP_ANALYSIS = YES;
				CLANG_WARN_STRICT_PROTOTYPES = YES;
				CLANG_WARN_SUSPICIOUS_MOVE = YES;
				CLANG_WARN_UNGUARDED_AVAILABILITY = YES_AGGRESSIVE;
				CLANG_WARN_UNREACHABLE_CODE = YES;
				CLANG_WARN__DUPLICATE_METHOD_MATCH = YES;
				COPY_PHASE_STRIP = NO;
				DEBUG_INFORMATION_FORMAT = "dwarf-with-dsym";
				ENABLE_NS_ASSERTIONS = NO;
				ENABLE_STRICT_OBJC_MSGSEND = YES;
				GCC_C_LANGUAGE_STANDARD = gnu11;
				GCC_NO_COMMON_BLOCKS = YES;
				GCC_WARN_64_TO_32_BIT_CONVERSION = YES;
				GCC_WARN_ABOUT_RETURN_TYPE = YES_ERROR;
				GCC_WARN_UNDECLARED_SELECTOR = YES;
				GCC_WARN_UNINITIALIZED_AUTOS = YES_AGGRESSIVE;
				GCC_WARN_UNUSED_FUNCTION = YES;
				GCC_WARN_UNUSED_VARIABLE = YES;
				IPHONEOS_DEPLOYMENT_TARGET = 16.2;
				MTL_ENABLE_DEBUG_INFO = NO;
				MTL_FAST_MATH = YES;
				SDKROOT = iphoneos;
				SWIFT_COMPILATION_MODE = wholemodule;
				SWIFT_OPTIMIZATION_LEVEL = "-O";
				VALIDATE_PRODUCT = YES;
			};
			name = Release;
		};
		821F88B929923FDE007E0E15 /* Debug */ = {
			isa = XCBuildConfiguration;
			buildSettings = {
				ASSETCATALOG_COMPILER_APPICON_NAME = AppIcon;
				ASSETCATALOG_COMPILER_GLOBAL_ACCENT_COLOR_NAME = AccentColor;
				CODE_SIGN_STYLE = Automatic;
				CURRENT_PROJECT_VERSION = 1;
				GENERATE_INFOPLIST_FILE = YES;
				INFOPLIST_FILE = AddNewBeneficiary/Info.plist;
				INFOPLIST_KEY_UIApplicationSupportsIndirectInputEvents = YES;
				INFOPLIST_KEY_UILaunchStoryboardName = LaunchScreen;
				INFOPLIST_KEY_UIStatusBarStyle = "";
				INFOPLIST_KEY_UISupportedInterfaceOrientations = UIInterfaceOrientationPortrait;
				IPHONEOS_DEPLOYMENT_TARGET = 16.2;
				LD_RUNPATH_SEARCH_PATHS = (
					"$(inherited)",
					"@executable_path/Frameworks",
				);
				MARKETING_VERSION = 1.0;
				PRODUCT_BUNDLE_IDENTIFIER = com.BankApp.AddNewBeneficiary;
				PRODUCT_NAME = "$(TARGET_NAME)";
				SWIFT_EMIT_LOC_STRINGS = YES;
				SWIFT_VERSION = 5.0;
				TARGETED_DEVICE_FAMILY = "1,2";
			};
			name = Debug;
		};
		821F88BA29923FDE007E0E15 /* Release */ = {
			isa = XCBuildConfiguration;
			buildSettings = {
				ASSETCATALOG_COMPILER_APPICON_NAME = AppIcon;
				ASSETCATALOG_COMPILER_GLOBAL_ACCENT_COLOR_NAME = AccentColor;
				CODE_SIGN_STYLE = Automatic;
				CURRENT_PROJECT_VERSION = 1;
				GENERATE_INFOPLIST_FILE = YES;
				INFOPLIST_FILE = AddNewBeneficiary/Info.plist;
				INFOPLIST_KEY_UIApplicationSupportsIndirectInputEvents = YES;
				INFOPLIST_KEY_UILaunchStoryboardName = LaunchScreen;
				INFOPLIST_KEY_UIStatusBarStyle = "";
				INFOPLIST_KEY_UISupportedInterfaceOrientations = UIInterfaceOrientationPortrait;
				IPHONEOS_DEPLOYMENT_TARGET = 16.2;
				LD_RUNPATH_SEARCH_PATHS = (
					"$(inherited)",
					"@executable_path/Frameworks",
				);
				MARKETING_VERSION = 1.0;
				PRODUCT_BUNDLE_IDENTIFIER = com.BankApp.AddNewBeneficiary;
				PRODUCT_NAME = "$(TARGET_NAME)";
				SWIFT_EMIT_LOC_STRINGS = YES;
				SWIFT_VERSION = 5.0;
				TARGETED_DEVICE_FAMILY = "1,2";
			};
			name = Release;
		};
		821F88BC29923FDE007E0E15 /* Debug */ = {
			isa = XCBuildConfiguration;
			buildSettings = {
				ALWAYS_EMBED_SWIFT_STANDARD_LIBRARIES = YES;
				BUNDLE_LOADER = "$(TEST_HOST)";
				CODE_SIGN_STYLE = Automatic;
				CURRENT_PROJECT_VERSION = 1;
				GENERATE_INFOPLIST_FILE = YES;
				IPHONEOS_DEPLOYMENT_TARGET = 16.2;
				MARKETING_VERSION = 1.0;
				PRODUCT_BUNDLE_IDENTIFIER = com.BankApp.AddNewBeneficiaryTests;
				PRODUCT_NAME = "$(TARGET_NAME)";
				SWIFT_EMIT_LOC_STRINGS = NO;
				SWIFT_VERSION = 5.0;
				TARGETED_DEVICE_FAMILY = "1,2";
				TEST_HOST = "$(BUILT_PRODUCTS_DIR)/AddNewBeneficiary.app/$(BUNDLE_EXECUTABLE_FOLDER_PATH)/AddNewBeneficiary";
			};
			name = Debug;
		};
		821F88BD29923FDE007E0E15 /* Release */ = {
			isa = XCBuildConfiguration;
			buildSettings = {
				ALWAYS_EMBED_SWIFT_STANDARD_LIBRARIES = YES;
				BUNDLE_LOADER = "$(TEST_HOST)";
				CODE_SIGN_STYLE = Automatic;
				CURRENT_PROJECT_VERSION = 1;
				GENERATE_INFOPLIST_FILE = YES;
				IPHONEOS_DEPLOYMENT_TARGET = 16.2;
				MARKETING_VERSION = 1.0;
				PRODUCT_BUNDLE_IDENTIFIER = com.BankApp.AddNewBeneficiaryTests;
				PRODUCT_NAME = "$(TARGET_NAME)";
				SWIFT_EMIT_LOC_STRINGS = NO;
				SWIFT_VERSION = 5.0;
				TARGETED_DEVICE_FAMILY = "1,2";
				TEST_HOST = "$(BUILT_PRODUCTS_DIR)/AddNewBeneficiary.app/$(BUNDLE_EXECUTABLE_FOLDER_PATH)/AddNewBeneficiary";
			};
			name = Release;
		};
		821F88BF29923FDE007E0E15 /* Debug */ = {
			isa = XCBuildConfiguration;
			buildSettings = {
				ALWAYS_EMBED_SWIFT_STANDARD_LIBRARIES = YES;
				CODE_SIGN_STYLE = Automatic;
				CURRENT_PROJECT_VERSION = 1;
				GENERATE_INFOPLIST_FILE = YES;
				MARKETING_VERSION = 1.0;
				PRODUCT_BUNDLE_IDENTIFIER = com.BankApp.AddNewBeneficiaryUITests;
				PRODUCT_NAME = "$(TARGET_NAME)";
				SWIFT_EMIT_LOC_STRINGS = NO;
				SWIFT_VERSION = 5.0;
				TARGETED_DEVICE_FAMILY = "1,2";
				TEST_TARGET_NAME = AddNewBeneficiary;
			};
			name = Debug;
		};
		821F88C029923FDE007E0E15 /* Release */ = {
			isa = XCBuildConfiguration;
			buildSettings = {
				ALWAYS_EMBED_SWIFT_STANDARD_LIBRARIES = YES;
				CODE_SIGN_STYLE = Automatic;
				CURRENT_PROJECT_VERSION = 1;
				GENERATE_INFOPLIST_FILE = YES;
				MARKETING_VERSION = 1.0;
				PRODUCT_BUNDLE_IDENTIFIER = com.BankApp.AddNewBeneficiaryUITests;
				PRODUCT_NAME = "$(TARGET_NAME)";
				SWIFT_EMIT_LOC_STRINGS = NO;
				SWIFT_VERSION = 5.0;
				TARGETED_DEVICE_FAMILY = "1,2";
				TEST_TARGET_NAME = AddNewBeneficiary;
			};
			name = Release;
		};
/* End XCBuildConfiguration section */

/* Begin XCConfigurationList section */
		821F888629923FDB007E0E15 /* Build configuration list for PBXProject "AddNewBeneficiary" */ = {
			isa = XCConfigurationList;
			buildConfigurations = (
				821F88B629923FDE007E0E15 /* Debug */,
				821F88B729923FDE007E0E15 /* Release */,
			);
			defaultConfigurationIsVisible = 0;
			defaultConfigurationName = Release;
		};
		821F88B829923FDE007E0E15 /* Build configuration list for PBXNativeTarget "AddNewBeneficiary" */ = {
			isa = XCConfigurationList;
			buildConfigurations = (
				821F88B929923FDE007E0E15 /* Debug */,
				821F88BA29923FDE007E0E15 /* Release */,
			);
			defaultConfigurationIsVisible = 0;
			defaultConfigurationName = Release;
		};
		821F88BB29923FDE007E0E15 /* Build configuration list for PBXNativeTarget "AddNewBeneficiaryTests" */ = {
			isa = XCConfigurationList;
			buildConfigurations = (
				821F88BC29923FDE007E0E15 /* Debug */,
				821F88BD29923FDE007E0E15 /* Release */,
			);
			defaultConfigurationIsVisible = 0;
			defaultConfigurationName = Release;
		};
		821F88BE29923FDE007E0E15 /* Build configuration list for PBXNativeTarget "AddNewBeneficiaryUITests" */ = {
			isa = XCConfigurationList;
			buildConfigurations = (
				821F88BF29923FDE007E0E15 /* Debug */,
				821F88C029923FDE007E0E15 /* Release */,
			);
			defaultConfigurationIsVisible = 0;
			defaultConfigurationName = Release;
		};
/* End XCConfigurationList section */
	};
	rootObject = 821F888329923FDB007E0E15 /* Project object */;
}
